
Microsoft Visual Studio Solution File, Format Version 12.00
# Visual Studio Version 17
VisualStudioVersion = 17.0.31903.59
MinimumVisualStudioVersion = 10.0.40219.1
Project("{9A19103F-16F7-4668-BE54-9A1E7A4F7556}") = "IBOVTracker", "IBOVTracker\IBOVTracker.csproj", "{FEBE5A68-35A5-4DF2-AE86-C882ADBF0B99}"
EndProject
Project("{9A19103F-16F7-4668-BE54-9A1E7A4F7556}") = "BCJ.Profit", "BCJ.Profit\BCJ.Profit.csproj", "{7A38A2D0-AE91-400C-8B65-630AA8A3EC54}"
EndProject
Project("{9A19103F-16F7-4668-BE54-9A1E7A4F7556}") = "BCJ.B3", "BCJ.B3\BCJ.B3.csproj", "{6217620E-B0CF-4709-AC91-72A9EC6C3E99}"
EndProject
Project("{C7167F0D-BC9F-4E6E-AFE1-012C56B48DB5}") = "IBOVTrackerWinUI (Package)", "IBOVTrackerWinUI\IBOVTrackerWinUI (Package)\IBOVTrackerWinUI (Package).wapproj", "{26241AB5-263F-446E-851A-76B6FF104D3E}"
EndProject
Project("{FAE04EC0-301F-11D3-BF4B-00C04F79EFBC}") = "IBOVTrackerWinUI", "IBOVTrackerWinUI\IBOVTrackerWinUI\IBOVTrackerWinUI.csproj", "{7D12B097-9318-465B-9FFE-E0F71E52ADD7}"
EndProject
Global
	GlobalSection(SolutionConfigurationPlatforms) = preSolution
		Debug|Any CPU = Debug|Any CPU
		Debug|arm64 = Debug|arm64
		Debug|x64 = Debug|x64
		Debug|x86 = Debug|x86
		Release|Any CPU = Release|Any CPU
		Release|arm64 = Release|arm64
		Release|x64 = Release|x64
		Release|x86 = Release|x86
	EndGlobalSection
	GlobalSection(ProjectConfigurationPlatforms) = postSolution
		{FEBE5A68-35A5-4DF2-AE86-C882ADBF0B99}.Debug|Any CPU.ActiveCfg = Debug|Any CPU
		{FEBE5A68-35A5-4DF2-AE86-C882ADBF0B99}.Debug|Any CPU.Build.0 = Debug|Any CPU
		{FEBE5A68-35A5-4DF2-AE86-C882ADBF0B99}.Debug|arm64.ActiveCfg = Debug|Any CPU
		{FEBE5A68-35A5-4DF2-AE86-C882ADBF0B99}.Debug|arm64.Build.0 = Debug|Any CPU
		{FEBE5A68-35A5-4DF2-AE86-C882ADBF0B99}.Debug|x64.ActiveCfg = Debug|Any CPU
		{FEBE5A68-35A5-4DF2-AE86-C882ADBF0B99}.Debug|x64.Build.0 = Debug|Any CPU
		{FEBE5A68-35A5-4DF2-AE86-C882ADBF0B99}.Debug|x86.ActiveCfg = Debug|Any CPU
		{FEBE5A68-35A5-4DF2-AE86-C882ADBF0B99}.Debug|x86.Build.0 = Debug|Any CPU
		{FEBE5A68-35A5-4DF2-AE86-C882ADBF0B99}.Release|Any CPU.ActiveCfg = Release|Any CPU
		{FEBE5A68-35A5-4DF2-AE86-C882ADBF0B99}.Release|Any CPU.Build.0 = Release|Any CPU
		{FEBE5A68-35A5-4DF2-AE86-C882ADBF0B99}.Release|arm64.ActiveCfg = Release|Any CPU
		{FEBE5A68-35A5-4DF2-AE86-C882ADBF0B99}.Release|arm64.Build.0 = Release|Any CPU
		{FEBE5A68-35A5-4DF2-AE86-C882ADBF0B99}.Release|x64.ActiveCfg = Release|Any CPU
		{FEBE5A68-35A5-4DF2-AE86-C882ADBF0B99}.Release|x64.Build.0 = Release|Any CPU
		{FEBE5A68-35A5-4DF2-AE86-C882ADBF0B99}.Release|x86.ActiveCfg = Release|Any CPU
		{FEBE5A68-35A5-4DF2-AE86-C882ADBF0B99}.Release|x86.Build.0 = Release|Any CPU
		{7A38A2D0-AE91-400C-8B65-630AA8A3EC54}.Debug|Any CPU.ActiveCfg = Debug|Any CPU
		{7A38A2D0-AE91-400C-8B65-630AA8A3EC54}.Debug|Any CPU.Build.0 = Debug|Any CPU
		{7A38A2D0-AE91-400C-8B65-630AA8A3EC54}.Debug|arm64.ActiveCfg = Debug|Any CPU
		{7A38A2D0-AE91-400C-8B65-630AA8A3EC54}.Debug|arm64.Build.0 = Debug|Any CPU
		{7A38A2D0-AE91-400C-8B65-630AA8A3EC54}.Debug|x64.ActiveCfg = Debug|Any CPU
		{7A38A2D0-AE91-400C-8B65-630AA8A3EC54}.Debug|x64.Build.0 = Debug|Any CPU
		{7A38A2D0-AE91-400C-8B65-630AA8A3EC54}.Debug|x86.ActiveCfg = Debug|Any CPU
		{7A38A2D0-AE91-400C-8B65-630AA8A3EC54}.Debug|x86.Build.0 = Debug|Any CPU
		{7A38A2D0-AE91-400C-8B65-630AA8A3EC54}.Release|Any CPU.ActiveCfg = Release|Any CPU
		{7A38A2D0-AE91-400C-8B65-630AA8A3EC54}.Release|Any CPU.Build.0 = Release|Any CPU
		{7A38A2D0-AE91-400C-8B65-630AA8A3EC54}.Release|arm64.ActiveCfg = Release|Any CPU
		{7A38A2D0-AE91-400C-8B65-630AA8A3EC54}.Release|arm64.Build.0 = Release|Any CPU
		{7A38A2D0-AE91-400C-8B65-630AA8A3EC54}.Release|x64.ActiveCfg = Release|Any CPU
		{7A38A2D0-AE91-400C-8B65-630AA8A3EC54}.Release|x64.Build.0 = Release|Any CPU
		{7A38A2D0-AE91-400C-8B65-630AA8A3EC54}.Release|x86.ActiveCfg = Release|Any CPU
		{7A38A2D0-AE91-400C-8B65-630AA8A3EC54}.Release|x86.Build.0 = Release|Any CPU
		{6217620E-B0CF-4709-AC91-72A9EC6C3E99}.Debug|Any CPU.ActiveCfg = Debug|Any CPU
		{6217620E-B0CF-4709-AC91-72A9EC6C3E99}.Debug|Any CPU.Build.0 = Debug|Any CPU
		{6217620E-B0CF-4709-AC91-72A9EC6C3E99}.Debug|arm64.ActiveCfg = Debug|Any CPU
		{6217620E-B0CF-4709-AC91-72A9EC6C3E99}.Debug|arm64.Build.0 = Debug|Any CPU
		{6217620E-B0CF-4709-AC91-72A9EC6C3E99}.Debug|x64.ActiveCfg = Debug|Any CPU
		{6217620E-B0CF-4709-AC91-72A9EC6C3E99}.Debug|x64.Build.0 = Debug|Any CPU
		{6217620E-B0CF-4709-AC91-72A9EC6C3E99}.Debug|x86.ActiveCfg = Debug|Any CPU
		{6217620E-B0CF-4709-AC91-72A9EC6C3E99}.Debug|x86.Build.0 = Debug|Any CPU
		{6217620E-B0CF-4709-AC91-72A9EC6C3E99}.Release|Any CPU.ActiveCfg = Release|Any CPU
		{6217620E-B0CF-4709-AC91-72A9EC6C3E99}.Release|Any CPU.Build.0 = Release|Any CPU
		{6217620E-B0CF-4709-AC91-72A9EC6C3E99}.Release|arm64.ActiveCfg = Release|Any CPU
		{6217620E-B0CF-4709-AC91-72A9EC6C3E99}.Release|arm64.Build.0 = Release|Any CPU
		{6217620E-B0CF-4709-AC91-72A9EC6C3E99}.Release|x64.ActiveCfg = Release|Any CPU
		{6217620E-B0CF-4709-AC91-72A9EC6C3E99}.Release|x64.Build.0 = Release|Any CPU
		{6217620E-B0CF-4709-AC91-72A9EC6C3E99}.Release|x86.ActiveCfg = Release|Any CPU
		{6217620E-B0CF-4709-AC91-72A9EC6C3E99}.Release|x86.Build.0 = Release|Any CPU
		{26241AB5-263F-446E-851A-76B6FF104D3E}.Debug|Any CPU.ActiveCfg = Debug|x64
		{26241AB5-263F-446E-851A-76B6FF104D3E}.Debug|Any CPU.Build.0 = Debug|x64
		{26241AB5-263F-446E-851A-76B6FF104D3E}.Debug|Any CPU.Deploy.0 = Debug|x64
		{26241AB5-263F-446E-851A-76B6FF104D3E}.Debug|arm64.ActiveCfg = Debug|arm64
		{26241AB5-263F-446E-851A-76B6FF104D3E}.Debug|arm64.Build.0 = Debug|arm64
		{26241AB5-263F-446E-851A-76B6FF104D3E}.Debug|arm64.Deploy.0 = Debug|arm64
		{26241AB5-263F-446E-851A-76B6FF104D3E}.Debug|x64.ActiveCfg = Debug|x64
		{26241AB5-263F-446E-851A-76B6FF104D3E}.Debug|x64.Build.0 = Debug|x64
		{26241AB5-263F-446E-851A-76B6FF104D3E}.Debug|x64.Deploy.0 = Debug|x64
		{26241AB5-263F-446E-851A-76B6FF104D3E}.Debug|x86.ActiveCfg = Debug|x86
		{26241AB5-263F-446E-851A-76B6FF104D3E}.Debug|x86.Build.0 = Debug|x86
		{26241AB5-263F-446E-851A-76B6FF104D3E}.Debug|x86.Deploy.0 = Debug|x86
		{26241AB5-263F-446E-851A-76B6FF104D3E}.Release|Any CPU.ActiveCfg = Release|x64
		{26241AB5-263F-446E-851A-76B6FF104D3E}.Release|Any CPU.Build.0 = Release|x64
		{26241AB5-263F-446E-851A-76B6FF104D3E}.Release|Any CPU.Deploy.0 = Release|x64
		{26241AB5-263F-446E-851A-76B6FF104D3E}.Release|arm64.ActiveCfg = Release|arm64
		{26241AB5-263F-446E-851A-76B6FF104D3E}.Release|arm64.Build.0 = Release|arm64
		{26241AB5-263F-446E-851A-76B6FF104D3E}.Release|arm64.Deploy.0 = Release|arm64
		{26241AB5-263F-446E-851A-76B6FF104D3E}.Release|x64.ActiveCfg = Release|x64
		{26241AB5-263F-446E-851A-76B6FF104D3E}.Release|x64.Build.0 = Release|x64
		{26241AB5-263F-446E-851A-76B6FF104D3E}.Release|x64.Deploy.0 = Release|x64
		{26241AB5-263F-446E-851A-76B6FF104D3E}.Release|x86.ActiveCfg = Release|x86
		{26241AB5-263F-446E-851A-76B6FF104D3E}.Release|x86.Build.0 = Release|x86
		{26241AB5-263F-446E-851A-76B6FF104D3E}.Release|x86.Deploy.0 = Release|x86
		{7D12B097-9318-465B-9FFE-E0F71E52ADD7}.Debug|Any CPU.ActiveCfg = Debug|x64
		{7D12B097-9318-465B-9FFE-E0F71E52ADD7}.Debug|Any CPU.Build.0 = Debug|x64
		{7D12B097-9318-465B-9FFE-E0F71E52ADD7}.Debug|arm64.ActiveCfg = Debug|arm64
		{7D12B097-9318-465B-9FFE-E0F71E52ADD7}.Debug|arm64.Build.0 = Debug|arm64
		{7D12B097-9318-465B-9FFE-E0F71E52ADD7}.Debug|x64.ActiveCfg = Debug|x64
		{7D12B097-9318-465B-9FFE-E0F71E52ADD7}.Debug|x64.Build.0 = Debug|x64
		{7D12B097-9318-465B-9FFE-E0F71E52ADD7}.Debug|x86.ActiveCfg = Debug|x86
		{7D12B097-9318-465B-9FFE-E0F71E52ADD7}.Debug|x86.Build.0 = Debug|x86
		{7D12B097-9318-465B-9FFE-E0F71E52ADD7}.Release|Any CPU.ActiveCfg = Release|x64
		{7D12B097-9318-465B-9FFE-E0F71E52ADD7}.Release|Any CPU.Build.0 = Release|x64
		{7D12B097-9318-465B-9FFE-E0F71E52ADD7}.Release|arm64.ActiveCfg = Release|arm64
		{7D12B097-9318-465B-9FFE-E0F71E52ADD7}.Release|arm64.Build.0 = Release|arm64
		{7D12B097-9318-465B-9FFE-E0F71E52ADD7}.Release|x64.ActiveCfg = Release|x64
		{7D12B097-9318-465B-9FFE-E0F71E52ADD7}.Release|x64.Build.0 = Release|x64
		{7D12B097-9318-465B-9FFE-E0F71E52ADD7}.Release|x86.ActiveCfg = Release|x86
		{7D12B097-9318-465B-9FFE-E0F71E52ADD7}.Release|x86.Build.0 = Release|x86
	EndGlobalSection
	GlobalSection(SolutionProperties) = preSolution
		HideSolutionNode = FALSE
	EndGlobalSection
	GlobalSection(ExtensibilityGlobals) = postSolution
		SolutionGuid = {F148FB9C-512C-4BE6-9DF4-01B5C010813A}
	EndGlobalSection
EndGlobal
