
Microsoft Visual Studio Solution File, Format Version 12.00
# Visual Studio Version 17
VisualStudioVersion = 17.0.31903.59
MinimumVisualStudioVersion = 10.0.40219.1
Project("{FAE04EC0-301F-11D3-BF4B-00C04F79EFBC}") = "IBOVTracker", "IBOVTracker\IBOVTracker.csproj", "{FEBE5A68-35A5-4DF2-AE86-C882ADBF0B99}"
EndProject
Global
	GlobalSection(SolutionConfigurationPlatforms) = preSolution
		Debug|Any CPU = Debug|Any CPU
		Release|Any CPU = Release|Any CPU
	EndGlobalSection
	GlobalSection(ProjectConfigurationPlatforms) = postSolution
		{FEBE5A68-35A5-4DF2-AE86-C882ADBF0B99}.Debug|Any CPU.ActiveCfg = Debug|Any CPU
		{FEBE5A68-35A5-4DF2-AE86-C882ADBF0B99}.Debug|Any CPU.Build.0 = Debug|Any CPU
		{FEBE5A68-35A5-4DF2-AE86-C882ADBF0B99}.Release|Any CPU.ActiveCfg = Release|Any CPU
		{FEBE5A68-35A5-4DF2-AE86-C882ADBF0B99}.Release|Any CPU.Build.0 = Release|Any CPU
	EndGlobalSection
	GlobalSection(SolutionProperties) = preSolution
		HideSolutionNode = FALSE
	EndGlobalSection
	GlobalSection(ExtensibilityGlobals) = postSolution
		SolutionGuid = {F148FB9C-512C-4BE6-9DF4-01B5C010813A}
	EndGlobalSection
EndGlobal
